{
  "name": "joke-of-the-day",
  "version": "1.0.0",
  "lockfileVersion": 3,
  "requires": true,
  "packages": {
    "": {
      "name": "joke-of-the-day",
      "version": "1.0.0",
      "license": "ISC",
      "dependencies": {
        "joke-of-the-day": "^1.0.0"
      }
    },
    "node_modules/joke-of-the-day": {
      "version": "1.0.0",
      "resolved": "https://registry.npmjs.org/joke-of-the-day/-/joke-of-the-day-1.0.0.tgz",
      "integrity": "sha512-HwSRmDi7bbx4Z+vEGBXGPFNIlIfuBrr4AE4atlpVy2bGtyWHZs8r5e6ZWUZdPtJOGAq5n+xemx+8RaHKHqbXpw==",
      "license": "ISC"
    }
  }
}
